// !$*UTF8*$!
{
	archiveVersion = 1;
	classes = {
	};
	objectVersion = 46;
	objects = {

/* Begin PBXBuildFile section */
		313A2A082047E03A0093A852 /* STPreViewController.m in Sources */ = {isa = PBXBuildFile; fileRef = 313A2A072047E03A0093A852 /* STPreViewController.m */; };
		3187B9791DD46F2500BD9EAC /* main.m in Sources */ = {isa = PBXBuildFile; fileRef = 3187B9781DD46F2500BD9EAC /* main.m */; };
		3187B97C1DD46F2500BD9EAC /* AppDelegate.m in Sources */ = {isa = PBXBuildFile; fileRef = 3187B97B1DD46F2500BD9EAC /* AppDelegate.m */; };
		3187B97F1DD46F2500BD9EAC /* STThreadCreationViewController.m in Sources */ = {isa = PBXBuildFile; fileRef = 3187B97E1DD46F2500BD9EAC /* STThreadCreationViewController.m */; };
		3187B9821DD46F2500BD9EAC /* Main.storyboard in Resources */ = {isa = PBXBuildFile; fileRef = 3187B9801DD46F2500BD9EAC /* Main.storyboard */; };
		3187B9841DD46F2500BD9EAC /* Assets.xcassets in Resources */ = {isa = PBXBuildFile; fileRef = 3187B9831DD46F2500BD9EAC /* Assets.xcassets */; };
		3187B9871DD46F2500BD9EAC /* LaunchScreen.storyboard in Resources */ = {isa = PBXBuildFile; fileRef = 3187B9851DD46F2500BD9EAC /* LaunchScreen.storyboard */; };
		319F84F22047DAA4001E6AB8 /* STThreadTimeTool.m in Sources */ = {isa = PBXBuildFile; fileRef = 319F84F02047DAA3001E6AB8 /* STThreadTimeTool.m */; };
/* End PBXBuildFile section */

/* Begin PBXFileReference section */
		313A2A062047E03A0093A852 /* STPreViewController.h */ = {isa = PBXFileReference; lastKnownFileType = sourcecode.c.h; path = STPreViewController.h; sourceTree = "<group>"; };
		313A2A072047E03A0093A852 /* STPreViewController.m */ = {isa = PBXFileReference; lastKnownFileType = sourcecode.c.objc; path = STPreViewController.m; sourceTree = "<group>"; };
		3187B9741DD46F2500BD9EAC /* ThreadTime.app */ = {isa = PBXFileReference; explicitFileType = wrapper.application; includeInIndex = 0; path = ThreadTime.app; sourceTree = BUILT_PRODUCTS_DIR; };
		3187B9781DD46F2500BD9EAC /* main.m */ = {isa = PBXFileReference; lastKnownFileType = sourcecode.c.objc; path = main.m; sourceTree = "<group>"; };
		3187B97A1DD46F2500BD9EAC /* AppDelegate.h */ = {isa = PBXFileReference; lastKnownFileType = sourcecode.c.h; path = AppDelegate.h; sourceTree = "<group>"; };
		3187B97B1DD46F2500BD9EAC /* AppDelegate.m */ = {isa = PBXFileReference; lastKnownFileType = sourcecode.c.objc; path = AppDelegate.m; sourceTree = "<group>"; };
		3187B97D1DD46F2500BD9EAC /* STThreadCreationViewController.h */ = {isa = PBXFileReference; lastKnownFileType = sourcecode.c.h; path = STThreadCreationViewController.h; sourceTree = "<group>"; };
		3187B97E1DD46F2500BD9EAC /* STThreadCreationViewController.m */ = {isa = PBXFileReference; lastKnownFileType = sourcecode.c.objc; path = STThreadCreationViewController.m; sourceTree = "<group>"; };
		3187B9811DD46F2500BD9EAC /* Base */ = {isa = PBXFileReference; lastKnownFileType = file.storyboard; name = Base; path = Base.lproj/Main.storyboard; sourceTree = "<group>"; };
		3187B9831DD46F2500BD9EAC /* Assets.xcassets */ = {isa = PBXFileReference; lastKnownFileType = folder.assetcatalog; path = Assets.xcassets; sourceTree = "<group>"; };
		3187B9861DD46F2500BD9EAC /* Base */ = {isa = PBXFileReference; lastKnownFileType = file.storyboard; name = Base; path = Base.lproj/LaunchScreen.storyboard; sourceTree = "<group>"; };
		3187B9881DD46F2500BD9EAC /* Info.plist */ = {isa = PBXFileReference; lastKnownFileType = text.plist.xml; path = Info.plist; sourceTree = "<group>"; };
		319F84F02047DAA3001E6AB8 /* STThreadTimeTool.m */ = {isa = PBXFileReference; fileEncoding = 4; lastKnownFileType = sourcecode.c.objc; path = STThreadTimeTool.m; sourceTree = "<group>"; };
		319F84F12047DAA3001E6AB8 /* STThreadTimeTool.h */ = {isa = PBXFileReference; fileEncoding = 4; lastKnownFileType = sourcecode.c.h; path = STThreadTimeTool.h; sourceTree = "<group>"; };
/* End PBXFileReference section */

/* Begin PBXFrameworksBuildPhase section */
		3187B9711DD46F2500BD9EAC /* Frameworks */ = {
			isa = PBXFrameworksBuildPhase;
			buildActionMask = 2147483647;
			files = (
			);
			runOnlyForDeploymentPostprocessing = 0;
		};
/* End PBXFrameworksBuildPhase section */

/* Begin PBXGroup section */
		3187B96B1DD46F2500BD9EAC = {
			isa = PBXGroup;
			children = (
				3187B9761DD46F2500BD9EAC /* ThreadTime */,
				3187B9751DD46F2500BD9EAC /* Products */,
			);
			sourceTree = "<group>";
		};
		3187B9751DD46F2500BD9EAC /* Products */ = {
			isa = PBXGroup;
			children = (
				3187B9741DD46F2500BD9EAC /* ThreadTime.app */,
			);
			name = Products;
			sourceTree = "<group>";
		};
		3187B9761DD46F2500BD9EAC /* ThreadTime */ = {
			isa = PBXGroup;
			children = (
				319F84F12047DAA3001E6AB8 /* STThreadTimeTool.h */,
				319F84F02047DAA3001E6AB8 /* STThreadTimeTool.m */,
				3187B97A1DD46F2500BD9EAC /* AppDelegate.h */,
				3187B97B1DD46F2500BD9EAC /* AppDelegate.m */,
				3187B97D1DD46F2500BD9EAC /* STThreadCreationViewController.h */,
				3187B97E1DD46F2500BD9EAC /* STThreadCreationViewController.m */,
				313A2A062047E03A0093A852 /* STPreViewController.h */,
				313A2A072047E03A0093A852 /* STPreViewController.m */,
				3187B9801DD46F2500BD9EAC /* Main.storyboard */,
				3187B9831DD46F2500BD9EAC /* Assets.xcassets */,
				3187B9851DD46F2500BD9EAC /* LaunchScreen.storyboard */,
				3187B9881DD46F2500BD9EAC /* Info.plist */,
				3187B9771DD46F2500BD9EAC /* Supporting Files */,
			);
			path = ThreadTime;
			sourceTree = "<group>";
		};
		3187B9771DD46F2500BD9EAC /* Supporting Files */ = {
			isa = PBXGroup;
			children = (
				3187B9781DD46F2500BD9EAC /* main.m */,
			);
			name = "Supporting Files";
			sourceTree = "<group>";
		};
/* End PBXGroup section */

/* Begin PBXNativeTarget section */
		3187B9731DD46F2500BD9EAC /* ThreadTime */ = {
			isa = PBXNativeTarget;
			buildConfigurationList = 3187B98B1DD46F2500BD9EAC /* Build configuration list for PBXNativeTarget "ThreadTime" */;
			buildPhases = (
				3187B9701DD46F2500BD9EAC /* Sources */,
				3187B9711DD46F2500BD9EAC /* Frameworks */,
				3187B9721DD46F2500BD9EAC /* Resources */,
			);
			buildRules = (
			);
			dependencies = (
			);
			name = ThreadTime;
			productName = test;
			productReference = 3187B9741DD46F2500BD9EAC /* ThreadTime.app */;
			productType = "com.apple.product-type.application";
		};
/* End PBXNativeTarget section */

/* Begin PBXProject section */
		3187B96C1DD46F2500BD9EAC /* Project object */ = {
			isa = PBXProject;
			attributes = {
				LastUpgradeCheck = 0810;
				ORGANIZATIONNAME = com.kuruiaosi.qdaily;
				TargetAttributes = {
					3187B9731DD46F2500BD9EAC = {
						CreatedOnToolsVersion = 8.1;
						DevelopmentTeam = 4WT8DZRCT4;
						ProvisioningStyle = Automatic;
					};
				};
			};
			buildConfigurationList = 3187B96F1DD46F2500BD9EAC /* Build configuration list for PBXProject "ThreadTime" */;
			compatibilityVersion = "Xcode 3.2";
			developmentRegion = English;
			hasScannedForEncodings = 0;
			knownRegions = (
				en,
				Base,
			);
			mainGroup = 3187B96B1DD46F2500BD9EAC;
			productRefGroup = 3187B9751DD46F2500BD9EAC /* Products */;
			projectDirPath = "";
			projectRoot = "";
			targets = (
				3187B9731DD46F2500BD9EAC /* ThreadTime */,
			);
		};
/* End PBXProject section */

/* Begin PBXResourcesBuildPhase section */
		3187B9721DD46F2500BD9EAC /* Resources */ = {
			isa = PBXResourcesBuildPhase;
			buildActionMask = 2147483647;
			files = (
				3187B9871DD46F2500BD9EAC /* LaunchScreen.storyboard in Resources */,
				3187B9841DD46F2500BD9EAC /* Assets.xcassets in Resources */,
				3187B9821DD46F2500BD9EAC /* Main.storyboard in Resources */,
			);
			runOnlyForDeploymentPostprocessing = 0;
		};
/* End PBXResourcesBuildPhase section */

/* Begin PBXSourcesBuildPhase section */
		3187B9701DD46F2500BD9EAC /* Sources */ = {
			isa = PBXSourcesBuildPhase;
			buildActionMask = 2147483647;
			files = (
				3187B97F1DD46F2500BD9EAC /* STThreadCreationViewController.m in Sources */,
				313A2A082047E03A0093A852 /* STPreViewController.m in Sources */,
				3187B97C1DD46F2500BD9EAC /* AppDelegate.m in Sources */,
				3187B9791DD46F2500BD9EAC /* main.m in Sources */,
				319F84F22047DAA4001E6AB8 /* STThreadTimeTool.m in Sources */,
			);
			runOnlyForDeploymentPostprocessing = 0;
		};
/* End PBXSourcesBuildPhase section */

/* Begin PBXVariantGroup section */
		3187B9801DD46F2500BD9EAC /* Main.storyboard */ = {
			isa = PBXVariantGroup;
			children = (
				3187B9811DD46F2500BD9EAC /* Base */,
			);
			name = Main.storyboard;
			sourceTree = "<group>";
		};
		3187B9851DD46F2500BD9EAC /* LaunchScreen.storyboard */ = {
			isa = PBXVariantGroup;
			children = (
				3187B9861DD46F2500BD9EAC /* Base */,
			);
			name = LaunchScreen.storyboard;
			sourceTree = "<group>";
		};
/* End PBXVariantGroup section */

/* Begin XCBuildConfiguration section */
		3187B9891DD46F2500BD9EAC /* Debug */ = {
			isa = XCBuildConfiguration;
			buildSettings = {
				ALWAYS_SEARCH_USER_PATHS = NO;
				CLANG_ANALYZER_NONNULL = YES;
				CLANG_CXX_LANGUAGE_STANDARD = "gnu++0x";
				CLANG_CXX_LIBRARY = "libc++";
				CLANG_ENABLE_MODULES = YES;
				CLANG_ENABLE_OBJC_ARC = YES;
				CLANG_WARN_BOOL_CONVERSION = YES;
				CLANG_WARN_CONSTANT_CONVERSION = YES;
				CLANG_WARN_DIRECT_OBJC_ISA_USAGE = YES_ERROR;
				CLANG_WARN_DOCUMENTATION_COMMENTS = YES;
				CLANG_WARN_EMPTY_BODY = YES;
				CLANG_WARN_ENUM_CONVERSION = YES;
				CLANG_WARN_INFINITE_RECURSION = YES;
				CLANG_WARN_INT_CONVERSION = YES;
				CLANG_WARN_OBJC_ROOT_CLASS = YES_ERROR;
				CLANG_WARN_SUSPICIOUS_MOVES = YES;
				CLANG_WARN_UNREACHABLE_CODE = YES;
				CLANG_WARN__DUPLICATE_METHOD_MATCH = YES;
				"CODE_SIGN_IDENTITY[sdk=iphoneos*]" = "iPhone Developer";
				COPY_PHASE_STRIP = NO;
				DEBUG_INFORMATION_FORMAT = dwarf;
				ENABLE_STRICT_OBJC_MSGSEND = YES;
				ENABLE_TESTABILITY = YES;
				GCC_C_LANGUAGE_STANDARD = gnu99;
				GCC_DYNAMIC_NO_PIC = NO;
				GCC_NO_COMMON_BLOCKS = YES;
				GCC_OPTIMIZATION_LEVEL = 0;
				GCC_PREPROCESSOR_DEFINITIONS = (
					"DEBUG=1",
					"$(inherited)",
				);
				GCC_WARN_64_TO_32_BIT_CONVERSION = YES;
				GCC_WARN_ABOUT_RETURN_TYPE = YES_ERROR;
				GCC_WARN_UNDECLARED_SELECTOR = YES;
				GCC_WARN_UNINITIALIZED_AUTOS = YES_AGGRESSIVE;
				GCC_WARN_UNUSED_FUNCTION = YES;
				GCC_WARN_UNUSED_VARIABLE = YES;
				IPHONEOS_DEPLOYMENT_TARGET = 10.1;
				MTL_ENABLE_DEBUG_INFO = YES;
				ONLY_ACTIVE_ARCH = YES;
				SDKROOT = iphoneos;
				TARGETED_DEVICE_FAMILY = "1,2";
			};
			name = Debug;
		};
		3187B98A1DD46F2500BD9EAC /* Release */ = {
			isa = XCBuildConfiguration;
			buildSettings = {
				ALWAYS_SEARCH_USER_PATHS = NO;
				CLANG_ANALYZER_NONNULL = YES;
				CLANG_CXX_LANGUAGE_STANDARD = "gnu++0x";
				CLANG_CXX_LIBRARY = "libc++";
				CLANG_ENABLE_MODULES = YES;
				CLANG_ENABLE_OBJC_ARC = YES;
				CLANG_WARN_BOOL_CONVERSION = YES;
				CLANG_WARN_CONSTANT_CONVERSION = YES;
				CLANG_WARN_DIRECT_OBJC_ISA_USAGE = YES_ERROR;
				CLANG_WARN_DOCUMENTATION_COMMENTS = YES;
				CLANG_WARN_EMPTY_BODY = YES;
				CLANG_WARN_ENUM_CONVERSION = YES;
				CLANG_WARN_INFINITE_RECURSION = YES;
				CLANG_WARN_INT_CONVERSION = YES;
				CLANG_WARN_OBJC_ROOT_CLASS = YES_ERROR;
				CLANG_WARN_SUSPICIOUS_MOVES = YES;
				CLANG_WARN_UNREACHABLE_CODE = YES;
				CLANG_WARN__DUPLICATE_METHOD_MATCH = YES;
				"CODE_SIGN_IDENTITY[sdk=iphoneos*]" = "iPhone Developer";
				COPY_PHASE_STRIP = NO;
				DEBUG_INFORMATION_FORMAT = "dwarf-with-dsym";
				ENABLE_NS_ASSERTIONS = NO;
				ENABLE_STRICT_OBJC_MSGSEND = YES;
				GCC_C_LANGUAGE_STANDARD = gnu99;
				GCC_NO_COMMON_BLOCKS = YES;
				GCC_WARN_64_TO_32_BIT_CONVERSION = YES;
				GCC_WARN_ABOUT_RETURN_TYPE = YES_ERROR;
				GCC_WARN_UNDECLARED_SELECTOR = YES;
				GCC_WARN_UNINITIALIZED_AUTOS = YES_AGGRESSIVE;
				GCC_WARN_UNUSED_FUNCTION = YES;
				GCC_WARN_UNUSED_VARIABLE = YES;
				IPHONEOS_DEPLOYMENT_TARGET = 10.1;
				MTL_ENABLE_DEBUG_INFO = NO;
				SDKROOT = iphoneos;
				TARGETED_DEVICE_FAMILY = "1,2";
				VALIDATE_PRODUCT = YES;
			};
			name = Release;
		};
		3187B98C1DD46F2500BD9EAC /* Debug */ = {
			isa = XCBuildConfiguration;
			buildSettings = {
				ASSETCATALOG_COMPILER_APPICON_NAME = AppIcon;
				DEVELOPMENT_TEAM = 4WT8DZRCT4;
				INFOPLIST_FILE = test/Info.plist;
				LD_RUNPATH_SEARCH_PATHS = "$(inherited) @executable_path/Frameworks";
				PRODUCT_BUNDLE_IDENTIFIER = com.kuruiaosi.test;
				PRODUCT_NAME = "$(TARGET_NAME)";
			};
			name = Debug;
		};
		3187B98D1DD46F2500BD9EAC /* Release */ = {
			isa = XCBuildConfiguration;
			buildSettings = {
				ASSETCATALOG_COMPILER_APPICON_NAME = AppIcon;
				DEVELOPMENT_TEAM = 4WT8DZRCT4;
				INFOPLIST_FILE = test/Info.plist;
				LD_RUNPATH_SEARCH_PATHS = "$(inherited) @executable_path/Frameworks";
				PRODUCT_BUNDLE_IDENTIFIER = com.kuruiaosi.test;
				PRODUCT_NAME = "$(TARGET_NAME)";
			};
			name = Release;
		};
/* End XCBuildConfiguration section */

/* Begin XCConfigurationList section */
		3187B96F1DD46F2500BD9EAC /* Build configuration list for PBXProject "ThreadTime" */ = {
			isa = XCConfigurationList;
			buildConfigurations = (
				3187B9891DD46F2500BD9EAC /* Debug */,
				3187B98A1DD46F2500BD9EAC /* Release */,
			);
			defaultConfigurationIsVisible = 0;
			defaultConfigurationName = Release;
		};
		3187B98B1DD46F2500BD9EAC /* Build configuration list for PBXNativeTarget "ThreadTime" */ = {
			isa = XCConfigurationList;
			buildConfigurations = (
				3187B98C1DD46F2500BD9EAC /* Debug */,
				3187B98D1DD46F2500BD9EAC /* Release */,
			);
			defaultConfigurationIsVisible = 0;
			defaultConfigurationName = Release;
		};
/* End XCConfigurationList section */
	};
	rootObject = 3187B96C1DD46F2500BD9EAC /* Project object */;
}
